
Microsoft Visual Studio Solution File, Format Version 12.00
# Visual Studio Version 17
VisualStudioVersion = 17.9.34723.18
MinimumVisualStudioVersion = 10.0.40219.1
Project("{FAE04EC0-301F-11D3-BF4B-00C04F79EFBC}") = "FinancialAccountManagement.API", "FinancialAccountManagement.API\FinancialAccountManagement.API.csproj", "{D4785E75-AB2B-402B-BB33-E0667CB1176A}"
EndProject
Global
	GlobalSection(SolutionConfigurationPlatforms) = preSolution
		Debug|Any CPU = Debug|Any CPU
		Release|Any CPU = Release|Any CPU
	EndGlobalSection
	GlobalSection(ProjectConfigurationPlatforms) = postSolution
		{D4785E75-AB2B-402B-BB33-E0667CB1176A}.Debug|Any CPU.ActiveCfg = Debug|Any CPU
		{D4785E75-AB2B-402B-BB33-E0667CB1176A}.Debug|Any CPU.Build.0 = Debug|Any CPU
		{D4785E75-AB2B-402B-BB33-E0667CB1176A}.Release|Any CPU.ActiveCfg = Release|Any CPU
		{D4785E75-AB2B-402B-BB33-E0667CB1176A}.Release|Any CPU.Build.0 = Release|Any CPU
	EndGlobalSection
	GlobalSection(SolutionProperties) = preSolution
		HideSolutionNode = FALSE
	EndGlobalSection
	GlobalSection(ExtensibilityGlobals) = postSolution
		SolutionGuid = {53093959-4F84-4048-AD2A-AC3EAE23586F}
	EndGlobalSection
EndGlobal
